// !$*UTF8*$!
{
	archiveVersion = 1;
	classes = {
	};
	objectVersion = 52;
	objects = {

/* Begin PBXBuildFile section */
		030F99C626FCB0B200F12415 /* ClouldKitHelper.swift in Sources */ = {isa = PBXBuildFile; fileRef = 030F99C526FCB0B200F12415 /* ClouldKitHelper.swift */; };
		0346E46126F0DCCC00F43504 /* Card.swift in Sources */ = {isa = PBXBuildFile; fileRef = 0346E46026F0DCCC00F43504 /* Card.swift */; };
		0346E46726F0E97E00F43504 /* SnapKit in Frameworks */ = {isa = PBXBuildFile; productRef = 0346E46626F0E97E00F43504 /* SnapKit */; };
		0346E47726F2219C00F43504 /* UIColor.swift in Sources */ = {isa = PBXBuildFile; fileRef = 0346E46F26F2219C00F43504 /* UIColor.swift */; };
		0346E47826F2219C00F43504 /* UIFont.swift in Sources */ = {isa = PBXBuildFile; fileRef = 0346E47026F2219C00F43504 /* UIFont.swift */; };
		0346E47926F2219C00F43504 /* OpenSans-SemiBold.ttf in Resources */ = {isa = PBXBuildFile; fileRef = 0346E47326F2219C00F43504 /* OpenSans-SemiBold.ttf */; };
		0346E47A26F2219C00F43504 /* OpenSans-Bold.ttf in Resources */ = {isa = PBXBuildFile; fileRef = 0346E47426F2219C00F43504 /* OpenSans-Bold.ttf */; };
		0346E47B26F2219C00F43504 /* OpenSans-Regular.ttf in Resources */ = {isa = PBXBuildFile; fileRef = 0346E47526F2219C00F43504 /* OpenSans-Regular.ttf */; };
		0346E47C26F2219C00F43504 /* Overlock-Bold.ttf in Resources */ = {isa = PBXBuildFile; fileRef = 0346E47626F2219C00F43504 /* Overlock-Bold.ttf */; };
		0346E48026F3768400F43504 /* CardStyle.swift in Sources */ = {isa = PBXBuildFile; fileRef = 0346E47F26F3768400F43504 /* CardStyle.swift */; };
		0346E48226F3791500F43504 /* UIImage.swift in Sources */ = {isa = PBXBuildFile; fileRef = 0346E48126F3791500F43504 /* UIImage.swift */; };
		0346E48526F3903300F43504 /* SelectableCard.swift in Sources */ = {isa = PBXBuildFile; fileRef = 0346E48426F3903300F43504 /* SelectableCard.swift */; };
		039DCDD426F8B2A400B46BC0 /* InteractionsViewController.swift in Sources */ = {isa = PBXBuildFile; fileRef = 039DCDD326F8B2A400B46BC0 /* InteractionsViewController.swift */; };
		039DCDD626F8BF6B00B46BC0 /* InteractionsView.swift in Sources */ = {isa = PBXBuildFile; fileRef = 039DCDD526F8BF6B00B46BC0 /* InteractionsView.swift */; };
		039DCDD826F8BF7900B46BC0 /* InteractionsViewModel.swift in Sources */ = {isa = PBXBuildFile; fileRef = 039DCDD726F8BF7900B46BC0 /* InteractionsViewModel.swift */; };
		039DCDDB26F8CEE200B46BC0 /* CardCell.swift in Sources */ = {isa = PBXBuildFile; fileRef = 039DCDDA26F8CEE200B46BC0 /* CardCell.swift */; };
		03BA87EF2705E92800925F2D /* DateFormatHelper.swift in Sources */ = {isa = PBXBuildFile; fileRef = 03BA87EE2705E92800925F2D /* DateFormatHelper.swift */; };
		03BA87F127074B0C00925F2D /* MCSegmentedControl.swift in Sources */ = {isa = PBXBuildFile; fileRef = 03BA87F027074B0C00925F2D /* MCSegmentedControl.swift */; };
		03BA87F3270B48E800925F2D /* MCSegmentedControlCell.swift in Sources */ = {isa = PBXBuildFile; fileRef = 03BA87F2270B48E800925F2D /* MCSegmentedControlCell.swift */; };
		696FB51126FA1BE100D9ED8B /* MuralViewModel.swift in Sources */ = {isa = PBXBuildFile; fileRef = 696FB51026FA1BE100D9ED8B /* MuralViewModel.swift */; };
		69A7F0EF26EA49C500A25A69 /* AppDelegate.swift in Sources */ = {isa = PBXBuildFile; fileRef = 69A7F0EE26EA49C500A25A69 /* AppDelegate.swift */; };
		69A7F0F126EA49C500A25A69 /* SceneDelegate.swift in Sources */ = {isa = PBXBuildFile; fileRef = 69A7F0F026EA49C500A25A69 /* SceneDelegate.swift */; };
		69A7F0F326EA49C500A25A69 /* ViewController.swift in Sources */ = {isa = PBXBuildFile; fileRef = 69A7F0F226EA49C500A25A69 /* ViewController.swift */; };
		69A7F0F826EA49C800A25A69 /* Assets.xcassets in Resources */ = {isa = PBXBuildFile; fileRef = 69A7F0F726EA49C800A25A69 /* Assets.xcassets */; };
		69A7F0FB26EA49C800A25A69 /* LaunchScreen.storyboard in Resources */ = {isa = PBXBuildFile; fileRef = 69A7F0F926EA49C800A25A69 /* LaunchScreen.storyboard */; };
		69A7F10626EA49C800A25A69 /* MusicallTests.swift in Sources */ = {isa = PBXBuildFile; fileRef = 69A7F10526EA49C800A25A69 /* MusicallTests.swift */; };
		69A7F11126EA49C800A25A69 /* MusicallUITests.swift in Sources */ = {isa = PBXBuildFile; fileRef = 69A7F11026EA49C800A25A69 /* MusicallUITests.swift */; };
		69A7F12C26EA4B8F00A25A69 /* MuralViewController.swift in Sources */ = {isa = PBXBuildFile; fileRef = 69A7F12B26EA4B8F00A25A69 /* MuralViewController.swift */; };
		69A7F13626EA4BFE00A25A69 /* Service.swift in Sources */ = {isa = PBXBuildFile; fileRef = 69A7F13526EA4BFE00A25A69 /* Service.swift */; };
		69A7F18626F0E0F700A25A69 /* .swiftlint.yml in Resources */ = {isa = PBXBuildFile; fileRef = 69A7F18526F0E0F700A25A69 /* .swiftlint.yml */; };
		69A7F18A26F0E4B500A25A69 /* CloudKit.framework in Frameworks */ = {isa = PBXBuildFile; fileRef = 69A7F18926F0E4B500A25A69 /* CloudKit.framework */; };
		69A7F18C26F2227A00A25A69 /* Post.swift in Sources */ = {isa = PBXBuildFile; fileRef = 69A7F18B26F2227A00A25A69 /* Post.swift */; };
		69A7F18F26F36CD800A25A69 /* Author.swift in Sources */ = {isa = PBXBuildFile; fileRef = 69A7F18E26F36CD800A25A69 /* Author.swift */; };
		69A7F19126F36FDC00A25A69 /* Comment.swift in Sources */ = {isa = PBXBuildFile; fileRef = 69A7F19026F36FDC00A25A69 /* Comment.swift */; };
		69A7F19326F3711F00A25A69 /* ModelCloudKit.swift in Sources */ = {isa = PBXBuildFile; fileRef = 69A7F19226F3711F00A25A69 /* ModelCloudKit.swift */; };
		DE10900B270CC7C100E5C8F3 /* PhoneFormatter.swift in Sources */ = {isa = PBXBuildFile; fileRef = DE10900A270CC7C100E5C8F3 /* PhoneFormatter.swift */; };
		DE2FB04526F4D8710006E8B6 /* MCButton.swift in Sources */ = {isa = PBXBuildFile; fileRef = DE2FB04426F4D8710006E8B6 /* MCButton.swift */; };
		DE9745B326FB661200EDEA84 /* PreSettingsViewModel.swift in Sources */ = {isa = PBXBuildFile; fileRef = DE9745B226FB661200EDEA84 /* PreSettingsViewModel.swift */; };
		DE97BA2426F7B89D0002C064 /* KeyboardTextField.swift in Sources */ = {isa = PBXBuildFile; fileRef = DE97BA2326F7B89D0002C064 /* KeyboardTextField.swift */; };
		DE97BA2626F7C0CC0002C064 /* UITextField.swift in Sources */ = {isa = PBXBuildFile; fileRef = DE97BA2526F7C0CC0002C064 /* UITextField.swift */; };
		DE97BA2826F7C5C40002C064 /* MCTextField.swift in Sources */ = {isa = PBXBuildFile; fileRef = DE97BA2726F7C5C40002C064 /* MCTextField.swift */; };
		DEA931F326F8C9000096CB4D /* UserDefaultHelper.swift in Sources */ = {isa = PBXBuildFile; fileRef = DEA931F226F8C9000096CB4D /* UserDefaultHelper.swift */; };
		DEA931F726F8CDB60096CB4D /* UserType.swift in Sources */ = {isa = PBXBuildFile; fileRef = DEA931F626F8CDB60096CB4D /* UserType.swift */; };
		DEA931FB26F8D14B0096CB4D /* User.swift in Sources */ = {isa = PBXBuildFile; fileRef = DEA931FA26F8D14B0096CB4D /* User.swift */; };
		DEDBCC1B26FA010F00902B2D /* UIStackView.swift in Sources */ = {isa = PBXBuildFile; fileRef = DEDBCC1A26FA010F00902B2D /* UIStackView.swift */; };
		DEEF7E3826F8B33000A4A26E /* Coordinator.swift in Sources */ = {isa = PBXBuildFile; fileRef = DEEF7E3726F8B33000A4A26E /* Coordinator.swift */; };
		DEEF7E3A26F8B4A900A4A26E /* MainCoordinator.swift in Sources */ = {isa = PBXBuildFile; fileRef = DEEF7E3926F8B4A900A4A26E /* MainCoordinator.swift */; };
		DEEF7E3D26F8B51D00A4A26E /* PreSettingsViewController.swift in Sources */ = {isa = PBXBuildFile; fileRef = DEEF7E3C26F8B51D00A4A26E /* PreSettingsViewController.swift */; };
		DEF95F0026F2D50A008ED808 /* FloatActionSheet.swift in Sources */ = {isa = PBXBuildFile; fileRef = DEF95EFF26F2D50A008ED808 /* FloatActionSheet.swift */; };
		FF3BB8EE26F8AD62009763F1 /* CreatePostViewController.swift in Sources */ = {isa = PBXBuildFile; fileRef = FF3BB8ED26F8AD62009763F1 /* CreatePostViewController.swift */; };
/* End PBXBuildFile section */

/* Begin PBXContainerItemProxy section */
		69A7F10226EA49C800A25A69 /* PBXContainerItemProxy */ = {
			isa = PBXContainerItemProxy;
			containerPortal = 69A7F0E326EA49C500A25A69 /* Project object */;
			proxyType = 1;
			remoteGlobalIDString = 69A7F0EA26EA49C500A25A69;
			remoteInfo = Musicall;
		};
		69A7F10D26EA49C800A25A69 /* PBXContainerItemProxy */ = {
			isa = PBXContainerItemProxy;
			containerPortal = 69A7F0E326EA49C500A25A69 /* Project object */;
			proxyType = 1;
			remoteGlobalIDString = 69A7F0EA26EA49C500A25A69;
			remoteInfo = Musicall;
		};
/* End PBXContainerItemProxy section */

/* Begin PBXFileReference section */
		030F99C526FCB0B200F12415 /* ClouldKitHelper.swift */ = {isa = PBXFileReference; lastKnownFileType = sourcecode.swift; path = ClouldKitHelper.swift; sourceTree = "<group>"; };
		0346E46026F0DCCC00F43504 /* Card.swift */ = {isa = PBXFileReference; lastKnownFileType = sourcecode.swift; path = Card.swift; sourceTree = "<group>"; };
		0346E46F26F2219C00F43504 /* UIColor.swift */ = {isa = PBXFileReference; fileEncoding = 4; lastKnownFileType = sourcecode.swift; path = UIColor.swift; sourceTree = "<group>"; };
		0346E47026F2219C00F43504 /* UIFont.swift */ = {isa = PBXFileReference; fileEncoding = 4; lastKnownFileType = sourcecode.swift; path = UIFont.swift; sourceTree = "<group>"; };
		0346E47326F2219C00F43504 /* OpenSans-SemiBold.ttf */ = {isa = PBXFileReference; lastKnownFileType = file; path = "OpenSans-SemiBold.ttf"; sourceTree = "<group>"; };
		0346E47426F2219C00F43504 /* OpenSans-Bold.ttf */ = {isa = PBXFileReference; lastKnownFileType = file; path = "OpenSans-Bold.ttf"; sourceTree = "<group>"; };
		0346E47526F2219C00F43504 /* OpenSans-Regular.ttf */ = {isa = PBXFileReference; lastKnownFileType = file; path = "OpenSans-Regular.ttf"; sourceTree = "<group>"; };
		0346E47626F2219C00F43504 /* Overlock-Bold.ttf */ = {isa = PBXFileReference; lastKnownFileType = file; path = "Overlock-Bold.ttf"; sourceTree = "<group>"; };
		0346E47F26F3768400F43504 /* CardStyle.swift */ = {isa = PBXFileReference; fileEncoding = 4; lastKnownFileType = sourcecode.swift; path = CardStyle.swift; sourceTree = "<group>"; };
		0346E48126F3791500F43504 /* UIImage.swift */ = {isa = PBXFileReference; lastKnownFileType = sourcecode.swift; path = UIImage.swift; sourceTree = "<group>"; };
		0346E48426F3903300F43504 /* SelectableCard.swift */ = {isa = PBXFileReference; lastKnownFileType = sourcecode.swift; path = SelectableCard.swift; sourceTree = "<group>"; };
		039DCDD326F8B2A400B46BC0 /* InteractionsViewController.swift */ = {isa = PBXFileReference; lastKnownFileType = sourcecode.swift; path = InteractionsViewController.swift; sourceTree = "<group>"; };
		039DCDD526F8BF6B00B46BC0 /* InteractionsView.swift */ = {isa = PBXFileReference; lastKnownFileType = sourcecode.swift; path = InteractionsView.swift; sourceTree = "<group>"; };
		039DCDD726F8BF7900B46BC0 /* InteractionsViewModel.swift */ = {isa = PBXFileReference; lastKnownFileType = sourcecode.swift; path = InteractionsViewModel.swift; sourceTree = "<group>"; };
		039DCDDA26F8CEE200B46BC0 /* CardCell.swift */ = {isa = PBXFileReference; lastKnownFileType = sourcecode.swift; path = CardCell.swift; sourceTree = "<group>"; };
		03BA87EE2705E92800925F2D /* DateFormatHelper.swift */ = {isa = PBXFileReference; lastKnownFileType = sourcecode.swift; path = DateFormatHelper.swift; sourceTree = "<group>"; };
		03BA87F027074B0C00925F2D /* MCSegmentedControl.swift */ = {isa = PBXFileReference; lastKnownFileType = sourcecode.swift; path = MCSegmentedControl.swift; sourceTree = "<group>"; };
		03BA87F2270B48E800925F2D /* MCSegmentedControlCell.swift */ = {isa = PBXFileReference; lastKnownFileType = sourcecode.swift; path = MCSegmentedControlCell.swift; sourceTree = "<group>"; };
		696FB51026FA1BE100D9ED8B /* MuralViewModel.swift */ = {isa = PBXFileReference; lastKnownFileType = sourcecode.swift; path = MuralViewModel.swift; sourceTree = "<group>"; };
		69A7F0EB26EA49C500A25A69 /* Musicall.app */ = {isa = PBXFileReference; explicitFileType = wrapper.application; includeInIndex = 0; path = Musicall.app; sourceTree = BUILT_PRODUCTS_DIR; };
		69A7F0EE26EA49C500A25A69 /* AppDelegate.swift */ = {isa = PBXFileReference; lastKnownFileType = sourcecode.swift; path = AppDelegate.swift; sourceTree = "<group>"; };
		69A7F0F026EA49C500A25A69 /* SceneDelegate.swift */ = {isa = PBXFileReference; lastKnownFileType = sourcecode.swift; path = SceneDelegate.swift; sourceTree = "<group>"; };
		69A7F0F226EA49C500A25A69 /* ViewController.swift */ = {isa = PBXFileReference; lastKnownFileType = sourcecode.swift; path = ViewController.swift; sourceTree = "<group>"; };
		69A7F0F726EA49C800A25A69 /* Assets.xcassets */ = {isa = PBXFileReference; lastKnownFileType = folder.assetcatalog; path = Assets.xcassets; sourceTree = "<group>"; };
		69A7F0FA26EA49C800A25A69 /* Base */ = {isa = PBXFileReference; lastKnownFileType = file.storyboard; name = Base; path = Base.lproj/LaunchScreen.storyboard; sourceTree = "<group>"; };
		69A7F0FC26EA49C800A25A69 /* Info.plist */ = {isa = PBXFileReference; lastKnownFileType = text.plist.xml; path = Info.plist; sourceTree = "<group>"; };
		69A7F10126EA49C800A25A69 /* MusicallTests.xctest */ = {isa = PBXFileReference; explicitFileType = wrapper.cfbundle; includeInIndex = 0; path = MusicallTests.xctest; sourceTree = BUILT_PRODUCTS_DIR; };
		69A7F10526EA49C800A25A69 /* MusicallTests.swift */ = {isa = PBXFileReference; lastKnownFileType = sourcecode.swift; path = MusicallTests.swift; sourceTree = "<group>"; };
		69A7F10726EA49C800A25A69 /* Info.plist */ = {isa = PBXFileReference; lastKnownFileType = text.plist.xml; path = Info.plist; sourceTree = "<group>"; };
		69A7F10C26EA49C800A25A69 /* MusicallUITests.xctest */ = {isa = PBXFileReference; explicitFileType = wrapper.cfbundle; includeInIndex = 0; path = MusicallUITests.xctest; sourceTree = BUILT_PRODUCTS_DIR; };
		69A7F11026EA49C800A25A69 /* MusicallUITests.swift */ = {isa = PBXFileReference; lastKnownFileType = sourcecode.swift; path = MusicallUITests.swift; sourceTree = "<group>"; };
		69A7F11226EA49C800A25A69 /* Info.plist */ = {isa = PBXFileReference; lastKnownFileType = text.plist.xml; path = Info.plist; sourceTree = "<group>"; };
		69A7F12B26EA4B8F00A25A69 /* MuralViewController.swift */ = {isa = PBXFileReference; lastKnownFileType = sourcecode.swift; path = MuralViewController.swift; sourceTree = "<group>"; };
		69A7F13526EA4BFE00A25A69 /* Service.swift */ = {isa = PBXFileReference; lastKnownFileType = sourcecode.swift; path = Service.swift; sourceTree = "<group>"; };
		69A7F18526F0E0F700A25A69 /* .swiftlint.yml */ = {isa = PBXFileReference; lastKnownFileType = text.yaml; path = .swiftlint.yml; sourceTree = "<group>"; };
		69A7F18726F0E2AE00A25A69 /* Musicall.entitlements */ = {isa = PBXFileReference; lastKnownFileType = text.plist.entitlements; path = Musicall.entitlements; sourceTree = "<group>"; };
		69A7F18926F0E4B500A25A69 /* CloudKit.framework */ = {isa = PBXFileReference; lastKnownFileType = wrapper.framework; name = CloudKit.framework; path = System/Library/Frameworks/CloudKit.framework; sourceTree = SDKROOT; };
		69A7F18B26F2227A00A25A69 /* Post.swift */ = {isa = PBXFileReference; lastKnownFileType = sourcecode.swift; path = Post.swift; sourceTree = "<group>"; };
		69A7F18E26F36CD800A25A69 /* Author.swift */ = {isa = PBXFileReference; lastKnownFileType = sourcecode.swift; path = Author.swift; sourceTree = "<group>"; };
		69A7F19026F36FDC00A25A69 /* Comment.swift */ = {isa = PBXFileReference; lastKnownFileType = sourcecode.swift; path = Comment.swift; sourceTree = "<group>"; };
		69A7F19226F3711F00A25A69 /* ModelCloudKit.swift */ = {isa = PBXFileReference; lastKnownFileType = sourcecode.swift; path = ModelCloudKit.swift; sourceTree = "<group>"; };
		DE10900A270CC7C100E5C8F3 /* PhoneFormatter.swift */ = {isa = PBXFileReference; lastKnownFileType = sourcecode.swift; path = PhoneFormatter.swift; sourceTree = "<group>"; };
		DE2FB04426F4D8710006E8B6 /* MCButton.swift */ = {isa = PBXFileReference; lastKnownFileType = sourcecode.swift; path = MCButton.swift; sourceTree = "<group>"; };
		DE9745B226FB661200EDEA84 /* PreSettingsViewModel.swift */ = {isa = PBXFileReference; lastKnownFileType = sourcecode.swift; path = PreSettingsViewModel.swift; sourceTree = "<group>"; };
		DE97BA2326F7B89D0002C064 /* KeyboardTextField.swift */ = {isa = PBXFileReference; lastKnownFileType = sourcecode.swift; path = KeyboardTextField.swift; sourceTree = "<group>"; };
		DE97BA2526F7C0CC0002C064 /* UITextField.swift */ = {isa = PBXFileReference; lastKnownFileType = sourcecode.swift; path = UITextField.swift; sourceTree = "<group>"; };
		DE97BA2726F7C5C40002C064 /* MCTextField.swift */ = {isa = PBXFileReference; lastKnownFileType = sourcecode.swift; path = MCTextField.swift; sourceTree = "<group>"; };
		DEA931F226F8C9000096CB4D /* UserDefaultHelper.swift */ = {isa = PBXFileReference; lastKnownFileType = sourcecode.swift; path = UserDefaultHelper.swift; sourceTree = "<group>"; };
		DEA931F626F8CDB60096CB4D /* UserType.swift */ = {isa = PBXFileReference; lastKnownFileType = sourcecode.swift; path = UserType.swift; sourceTree = "<group>"; };
		DEA931FA26F8D14B0096CB4D /* User.swift */ = {isa = PBXFileReference; lastKnownFileType = sourcecode.swift; path = User.swift; sourceTree = "<group>"; };
		DEDBCC1A26FA010F00902B2D /* UIStackView.swift */ = {isa = PBXFileReference; lastKnownFileType = sourcecode.swift; path = UIStackView.swift; sourceTree = "<group>"; };
		DEEF7E3726F8B33000A4A26E /* Coordinator.swift */ = {isa = PBXFileReference; lastKnownFileType = sourcecode.swift; path = Coordinator.swift; sourceTree = "<group>"; };
		DEEF7E3926F8B4A900A4A26E /* MainCoordinator.swift */ = {isa = PBXFileReference; lastKnownFileType = sourcecode.swift; path = MainCoordinator.swift; sourceTree = "<group>"; };
		DEEF7E3C26F8B51D00A4A26E /* PreSettingsViewController.swift */ = {isa = PBXFileReference; lastKnownFileType = sourcecode.swift; path = PreSettingsViewController.swift; sourceTree = "<group>"; };
		DEF95EFF26F2D50A008ED808 /* FloatActionSheet.swift */ = {isa = PBXFileReference; lastKnownFileType = sourcecode.swift; path = FloatActionSheet.swift; sourceTree = "<group>"; };
		FF3BB8ED26F8AD62009763F1 /* CreatePostViewController.swift */ = {isa = PBXFileReference; lastKnownFileType = sourcecode.swift; path = CreatePostViewController.swift; sourceTree = "<group>"; };
/* End PBXFileReference section */

/* Begin PBXFrameworksBuildPhase section */
		69A7F0E826EA49C500A25A69 /* Frameworks */ = {
			isa = PBXFrameworksBuildPhase;
			buildActionMask = 2147483647;
			files = (
				69A7F18A26F0E4B500A25A69 /* CloudKit.framework in Frameworks */,
				0346E46726F0E97E00F43504 /* SnapKit in Frameworks */,
			);
			runOnlyForDeploymentPostprocessing = 0;
		};
		69A7F0FE26EA49C800A25A69 /* Frameworks */ = {
			isa = PBXFrameworksBuildPhase;
			buildActionMask = 2147483647;
			files = (
			);
			runOnlyForDeploymentPostprocessing = 0;
		};
		69A7F10926EA49C800A25A69 /* Frameworks */ = {
			isa = PBXFrameworksBuildPhase;
			buildActionMask = 2147483647;
			files = (
			);
			runOnlyForDeploymentPostprocessing = 0;
		};
/* End PBXFrameworksBuildPhase section */

/* Begin PBXGroup section */
		0346E45E26F0D20E00F43504 /* Components */ = {
			isa = PBXGroup;
			children = (
				DEF95EFE26F2D4EA008ED808 /* Elements */,
				0346E48326F3901D00F43504 /* SelectableCard */,
				0346E45F26F0D21600F43504 /* Cards */,
			);
			path = Components;
			sourceTree = "<group>";
		};
		0346E45F26F0D21600F43504 /* Cards */ = {
			isa = PBXGroup;
			children = (
				0346E46026F0DCCC00F43504 /* Card.swift */,
				0346E47F26F3768400F43504 /* CardStyle.swift */,
				039DCDDA26F8CEE200B46BC0 /* CardCell.swift */,
			);
			path = Cards;
			sourceTree = "<group>";
		};
		0346E46226F0E3FA00F43504 /* Extensions */ = {
			isa = PBXGroup;
			children = (
				0346E46F26F2219C00F43504 /* UIColor.swift */,
				0346E47026F2219C00F43504 /* UIFont.swift */,
				0346E48126F3791500F43504 /* UIImage.swift */,
				DE97BA2526F7C0CC0002C064 /* UITextField.swift */,
				DEDBCC1A26FA010F00902B2D /* UIStackView.swift */,
			);
			path = Extensions;
			sourceTree = "<group>";
		};
		0346E47126F2219C00F43504 /* Assets */ = {
			isa = PBXGroup;
			children = (
				0346E47226F2219C00F43504 /* Fonts */,
			);
			path = Assets;
			sourceTree = "<group>";
		};
		0346E47226F2219C00F43504 /* Fonts */ = {
			isa = PBXGroup;
			children = (
				0346E47326F2219C00F43504 /* OpenSans-SemiBold.ttf */,
				0346E47426F2219C00F43504 /* OpenSans-Bold.ttf */,
				0346E47526F2219C00F43504 /* OpenSans-Regular.ttf */,
				0346E47626F2219C00F43504 /* Overlock-Bold.ttf */,
			);
			path = Fonts;
			sourceTree = "<group>";
		};
		0346E48326F3901D00F43504 /* SelectableCard */ = {
			isa = PBXGroup;
			children = (
				0346E48426F3903300F43504 /* SelectableCard.swift */,
			);
			path = SelectableCard;
			sourceTree = "<group>";
		};
		039DCDCF26F8B26000B46BC0 /* Interactions */ = {
			isa = PBXGroup;
			children = (
				039DCDD226F8B27D00B46BC0 /* ViewModel */,
				039DCDD126F8B27900B46BC0 /* View */,
				039DCDD026F8B27200B46BC0 /* ViewController */,
			);
			path = Interactions;
			sourceTree = "<group>";
		};
		039DCDD026F8B27200B46BC0 /* ViewController */ = {
			isa = PBXGroup;
			children = (
				039DCDD326F8B2A400B46BC0 /* InteractionsViewController.swift */,
			);
			path = ViewController;
			sourceTree = "<group>";
		};
		039DCDD126F8B27900B46BC0 /* View */ = {
			isa = PBXGroup;
			children = (
				039DCDD526F8BF6B00B46BC0 /* InteractionsView.swift */,
			);
			path = View;
			sourceTree = "<group>";
		};
		039DCDD226F8B27D00B46BC0 /* ViewModel */ = {
			isa = PBXGroup;
			children = (
				039DCDD726F8BF7900B46BC0 /* InteractionsViewModel.swift */,
			);
			path = ViewModel;
			sourceTree = "<group>";
		};
		693EAF6E26F8B55500D948D3 /* ViewController */ = {
			isa = PBXGroup;
			children = (
				69A7F12B26EA4B8F00A25A69 /* MuralViewController.swift */,
			);
			path = ViewController;
			sourceTree = "<group>";
		};
		693EAF7026F8B56600D948D3 /* ViewModel */ = {
			isa = PBXGroup;
			children = (
				696FB51026FA1BE100D9ED8B /* MuralViewModel.swift */,
			);
			path = ViewModel;
			sourceTree = "<group>";
		};
		69A7F0E226EA49C500A25A69 = {
			isa = PBXGroup;
			children = (
				69A7F0ED26EA49C500A25A69 /* Musicall */,
				69A7F10426EA49C800A25A69 /* MusicallTests */,
				69A7F10F26EA49C800A25A69 /* MusicallUITests */,
				69A7F0EC26EA49C500A25A69 /* Products */,
				69A7F18826F0E4B500A25A69 /* Frameworks */,
			);
			sourceTree = "<group>";
		};
		69A7F0EC26EA49C500A25A69 /* Products */ = {
			isa = PBXGroup;
			children = (
				69A7F0EB26EA49C500A25A69 /* Musicall.app */,
				69A7F10126EA49C800A25A69 /* MusicallTests.xctest */,
				69A7F10C26EA49C800A25A69 /* MusicallUITests.xctest */,
			);
			name = Products;
			sourceTree = "<group>";
		};
		69A7F0ED26EA49C500A25A69 /* Musicall */ = {
			isa = PBXGroup;
			children = (
				69A7F18726F0E2AE00A25A69 /* Musicall.entitlements */,
				69A7F18326F0DFDB00A25A69 /* MusicCloudKit */,
				69A7F12026EA4A8F00A25A69 /* MusicApp */,
				69A7F11F26EA4A7900A25A69 /* MusicService */,
				69A7F11E26EA4A4700A25A69 /* MusicUI */,
				69A7F0EE26EA49C500A25A69 /* AppDelegate.swift */,
				69A7F0F026EA49C500A25A69 /* SceneDelegate.swift */,
				69A7F0F226EA49C500A25A69 /* ViewController.swift */,
				69A7F0F726EA49C800A25A69 /* Assets.xcassets */,
				69A7F0F926EA49C800A25A69 /* LaunchScreen.storyboard */,
				69A7F0FC26EA49C800A25A69 /* Info.plist */,
				69A7F18526F0E0F700A25A69 /* .swiftlint.yml */,
			);
			path = Musicall;
			sourceTree = "<group>";
		};
		69A7F10426EA49C800A25A69 /* MusicallTests */ = {
			isa = PBXGroup;
			children = (
				69A7F10526EA49C800A25A69 /* MusicallTests.swift */,
				69A7F10726EA49C800A25A69 /* Info.plist */,
			);
			path = MusicallTests;
			sourceTree = "<group>";
		};
		69A7F10F26EA49C800A25A69 /* MusicallUITests */ = {
			isa = PBXGroup;
			children = (
				69A7F11026EA49C800A25A69 /* MusicallUITests.swift */,
				69A7F11226EA49C800A25A69 /* Info.plist */,
			);
			path = MusicallUITests;
			sourceTree = "<group>";
		};
		69A7F11E26EA4A4700A25A69 /* MusicUI */ = {
			isa = PBXGroup;
			children = (
				0346E46226F0E3FA00F43504 /* Extensions */,
				0346E45E26F0D20E00F43504 /* Components */,
				0346E47126F2219C00F43504 /* Assets */,
			);
			path = MusicUI;
			sourceTree = "<group>";
		};
		69A7F11F26EA4A7900A25A69 /* MusicService */ = {
			isa = PBXGroup;
			children = (
				69A7F13526EA4BFE00A25A69 /* Service.swift */,
				69A7F18D26F36CB100A25A69 /* Model */,
			);
			path = MusicService;
			sourceTree = "<group>";
		};
		69A7F12026EA4A8F00A25A69 /* MusicApp */ = {
			isa = PBXGroup;
			children = (
				DEA931F126F8C8EE0096CB4D /* Helpers */,
				DEEF7E3626F8B2B100A4A26E /* Coordinator */,
				DEEF7E3B26F8B4F300A4A26E /* PreSettings */,
				039DCDCF26F8B26000B46BC0 /* Interactions */,
				69A7F12726EA4B2700A25A69 /* Mural */,
				FF3BB8EA26F8ACEA009763F1 /* Create */,
			);
			path = MusicApp;
			sourceTree = "<group>";
		};
		69A7F12726EA4B2700A25A69 /* Mural */ = {
			isa = PBXGroup;
			children = (
				693EAF6E26F8B55500D948D3 /* ViewController */,
				693EAF7026F8B56600D948D3 /* ViewModel */,
			);
			path = Mural;
			sourceTree = "<group>";
		};
		69A7F18326F0DFDB00A25A69 /* MusicCloudKit */ = {
			isa = PBXGroup;
			children = (
				69A7F19226F3711F00A25A69 /* ModelCloudKit.swift */,
			);
			path = MusicCloudKit;
			sourceTree = "<group>";
		};
		69A7F18826F0E4B500A25A69 /* Frameworks */ = {
			isa = PBXGroup;
			children = (
				69A7F18926F0E4B500A25A69 /* CloudKit.framework */,
			);
			name = Frameworks;
			sourceTree = "<group>";
		};
		69A7F18D26F36CB100A25A69 /* Model */ = {
			isa = PBXGroup;
			children = (
				69A7F18B26F2227A00A25A69 /* Post.swift */,
				69A7F18E26F36CD800A25A69 /* Author.swift */,
				69A7F19026F36FDC00A25A69 /* Comment.swift */,
			);
			path = Model;
			sourceTree = "<group>";
		};
		DE9745B026FB65E400EDEA84 /* ViewModel */ = {
			isa = PBXGroup;
			children = (
				DE9745B226FB661200EDEA84 /* PreSettingsViewModel.swift */,
			);
			path = ViewModel;
			sourceTree = "<group>";
		};
		DE9745B126FB65EB00EDEA84 /* View */ = {
			isa = PBXGroup;
			children = (
				DEEF7E3C26F8B51D00A4A26E /* PreSettingsViewController.swift */,
			);
			path = View;
			sourceTree = "<group>";
		};
		DEA931F126F8C8EE0096CB4D /* Helpers */ = {
			isa = PBXGroup;
			children = (
				DEA931F226F8C9000096CB4D /* UserDefaultHelper.swift */,
				030F99C526FCB0B200F12415 /* ClouldKitHelper.swift */,
				03BA87EE2705E92800925F2D /* DateFormatHelper.swift */,
				DE10900A270CC7C100E5C8F3 /* PhoneFormatter.swift */,
			);
			path = Helpers;
			sourceTree = "<group>";
		};
		DEA931F526F8CD9C0096CB4D /* Model */ = {
			isa = PBXGroup;
			children = (
				DEA931F626F8CDB60096CB4D /* UserType.swift */,
				DEA931FA26F8D14B0096CB4D /* User.swift */,
			);
			path = Model;
			sourceTree = "<group>";
		};
		DEEF7E3626F8B2B100A4A26E /* Coordinator */ = {
			isa = PBXGroup;
			children = (
				DEEF7E3726F8B33000A4A26E /* Coordinator.swift */,
				DEEF7E3926F8B4A900A4A26E /* MainCoordinator.swift */,
			);
			path = Coordinator;
			sourceTree = "<group>";
		};
		DEEF7E3B26F8B4F300A4A26E /* PreSettings */ = {
			isa = PBXGroup;
			children = (
				DE9745B126FB65EB00EDEA84 /* View */,
				DE9745B026FB65E400EDEA84 /* ViewModel */,
				DEA931F526F8CD9C0096CB4D /* Model */,
			);
			path = PreSettings;
			sourceTree = "<group>";
		};
		DEF95EFE26F2D4EA008ED808 /* Elements */ = {
			isa = PBXGroup;
			children = (
				DEF95EFF26F2D50A008ED808 /* FloatActionSheet.swift */,
				DE2FB04426F4D8710006E8B6 /* MCButton.swift */,
				DE97BA2326F7B89D0002C064 /* KeyboardTextField.swift */,
				DE97BA2726F7C5C40002C064 /* MCTextField.swift */,
				03BA87F027074B0C00925F2D /* MCSegmentedControl.swift */,
				03BA87F2270B48E800925F2D /* MCSegmentedControlCell.swift */,
			);
			path = Elements;
			sourceTree = "<group>";
		};
		FF3BB8EA26F8ACEA009763F1 /* Create */ = {
			isa = PBXGroup;
			children = (
				FF3BB8ED26F8AD62009763F1 /* CreatePostViewController.swift */,
			);
			path = Create;
			sourceTree = "<group>";
		};
/* End PBXGroup section */

/* Begin PBXNativeTarget section */
		69A7F0EA26EA49C500A25A69 /* Musicall */ = {
			isa = PBXNativeTarget;
			buildConfigurationList = 69A7F11526EA49C800A25A69 /* Build configuration list for PBXNativeTarget "Musicall" */;
			buildPhases = (
				69A7F0E726EA49C500A25A69 /* Sources */,
				69A7F0E826EA49C500A25A69 /* Frameworks */,
				69A7F0E926EA49C500A25A69 /* Resources */,
				69A7F18426F0E02900A25A69 /* ShellScript */,
			);
			buildRules = (
			);
			dependencies = (
			);
			name = Musicall;
			packageProductDependencies = (
				0346E46626F0E97E00F43504 /* SnapKit */,
			);
			productName = Musicall;
			productReference = 69A7F0EB26EA49C500A25A69 /* Musicall.app */;
			productType = "com.apple.product-type.application";
		};
		69A7F10026EA49C800A25A69 /* MusicallTests */ = {
			isa = PBXNativeTarget;
			buildConfigurationList = 69A7F11826EA49C800A25A69 /* Build configuration list for PBXNativeTarget "MusicallTests" */;
			buildPhases = (
				69A7F0FD26EA49C800A25A69 /* Sources */,
				69A7F0FE26EA49C800A25A69 /* Frameworks */,
				69A7F0FF26EA49C800A25A69 /* Resources */,
			);
			buildRules = (
			);
			dependencies = (
				69A7F10326EA49C800A25A69 /* PBXTargetDependency */,
			);
			name = MusicallTests;
			productName = MusicallTests;
			productReference = 69A7F10126EA49C800A25A69 /* MusicallTests.xctest */;
			productType = "com.apple.product-type.bundle.unit-test";
		};
		69A7F10B26EA49C800A25A69 /* MusicallUITests */ = {
			isa = PBXNativeTarget;
			buildConfigurationList = 69A7F11B26EA49C800A25A69 /* Build configuration list for PBXNativeTarget "MusicallUITests" */;
			buildPhases = (
				69A7F10826EA49C800A25A69 /* Sources */,
				69A7F10926EA49C800A25A69 /* Frameworks */,
				69A7F10A26EA49C800A25A69 /* Resources */,
			);
			buildRules = (
			);
			dependencies = (
				69A7F10E26EA49C800A25A69 /* PBXTargetDependency */,
			);
			name = MusicallUITests;
			productName = MusicallUITests;
			productReference = 69A7F10C26EA49C800A25A69 /* MusicallUITests.xctest */;
			productType = "com.apple.product-type.bundle.ui-testing";
		};
/* End PBXNativeTarget section */

/* Begin PBXProject section */
		69A7F0E326EA49C500A25A69 /* Project object */ = {
			isa = PBXProject;
			attributes = {
				LastSwiftUpdateCheck = 1250;
				LastUpgradeCheck = 1250;
				TargetAttributes = {
					69A7F0EA26EA49C500A25A69 = {
						CreatedOnToolsVersion = 12.5.1;
					};
					69A7F10026EA49C800A25A69 = {
						CreatedOnToolsVersion = 12.5.1;
						TestTargetID = 69A7F0EA26EA49C500A25A69;
					};
					69A7F10B26EA49C800A25A69 = {
						CreatedOnToolsVersion = 12.5.1;
						TestTargetID = 69A7F0EA26EA49C500A25A69;
					};
				};
			};
			buildConfigurationList = 69A7F0E626EA49C500A25A69 /* Build configuration list for PBXProject "Musicall" */;
			compatibilityVersion = "Xcode 9.3";
			developmentRegion = en;
			hasScannedForEncodings = 0;
			knownRegions = (
				en,
				Base,
			);
			mainGroup = 69A7F0E226EA49C500A25A69;
			packageReferences = (
				0346E46526F0E97E00F43504 /* XCRemoteSwiftPackageReference "SnapKit" */,
			);
			productRefGroup = 69A7F0EC26EA49C500A25A69 /* Products */;
			projectDirPath = "";
			projectRoot = "";
			targets = (
				69A7F0EA26EA49C500A25A69 /* Musicall */,
				69A7F10026EA49C800A25A69 /* MusicallTests */,
				69A7F10B26EA49C800A25A69 /* MusicallUITests */,
			);
		};
/* End PBXProject section */

/* Begin PBXResourcesBuildPhase section */
		69A7F0E926EA49C500A25A69 /* Resources */ = {
			isa = PBXResourcesBuildPhase;
			buildActionMask = 2147483647;
			files = (
				0346E47926F2219C00F43504 /* OpenSans-SemiBold.ttf in Resources */,
				69A7F18626F0E0F700A25A69 /* .swiftlint.yml in Resources */,
				0346E47C26F2219C00F43504 /* Overlock-Bold.ttf in Resources */,
				69A7F0FB26EA49C800A25A69 /* LaunchScreen.storyboard in Resources */,
				0346E47A26F2219C00F43504 /* OpenSans-Bold.ttf in Resources */,
				0346E47B26F2219C00F43504 /* OpenSans-Regular.ttf in Resources */,
				69A7F0F826EA49C800A25A69 /* Assets.xcassets in Resources */,
			);
			runOnlyForDeploymentPostprocessing = 0;
		};
		69A7F0FF26EA49C800A25A69 /* Resources */ = {
			isa = PBXResourcesBuildPhase;
			buildActionMask = 2147483647;
			files = (
			);
			runOnlyForDeploymentPostprocessing = 0;
		};
		69A7F10A26EA49C800A25A69 /* Resources */ = {
			isa = PBXResourcesBuildPhase;
			buildActionMask = 2147483647;
			files = (
			);
			runOnlyForDeploymentPostprocessing = 0;
		};
/* End PBXResourcesBuildPhase section */

/* Begin PBXShellScriptBuildPhase section */
		69A7F18426F0E02900A25A69 /* ShellScript */ = {
			isa = PBXShellScriptBuildPhase;
			buildActionMask = 2147483647;
			files = (
			);
			inputFileListPaths = (
			);
			inputPaths = (
			);
			outputFileListPaths = (
			);
			outputPaths = (
			);
			runOnlyForDeploymentPostprocessing = 0;
			shellPath = /bin/sh;
			shellScript = "if which swiftlint >/dev/null; then\n  swiftlint\nelse\n  echo \"warning: SwiftLint not installed, download from https://github.com/realm/SwiftLint\"\nfi\n";
		};
/* End PBXShellScriptBuildPhase section */

/* Begin PBXSourcesBuildPhase section */
		69A7F0E726EA49C500A25A69 /* Sources */ = {
			isa = PBXSourcesBuildPhase;
			buildActionMask = 2147483647;
			files = (
				03BA87F3270B48E800925F2D /* MCSegmentedControlCell.swift in Sources */,
				03BA87F127074B0C00925F2D /* MCSegmentedControl.swift in Sources */,
				039DCDDB26F8CEE200B46BC0 /* CardCell.swift in Sources */,
				DE97BA2426F7B89D0002C064 /* KeyboardTextField.swift in Sources */,
				69A7F19326F3711F00A25A69 /* ModelCloudKit.swift in Sources */,
				DEA931F326F8C9000096CB4D /* UserDefaultHelper.swift in Sources */,
				039DCDD426F8B2A400B46BC0 /* InteractionsViewController.swift in Sources */,
				DEA931FB26F8D14B0096CB4D /* User.swift in Sources */,
				69A7F0F326EA49C500A25A69 /* ViewController.swift in Sources */,
				DE10900B270CC7C100E5C8F3 /* PhoneFormatter.swift in Sources */,
				696FB51126FA1BE100D9ED8B /* MuralViewModel.swift in Sources */,
				039DCDD626F8BF6B00B46BC0 /* InteractionsView.swift in Sources */,
				DE9745B326FB661200EDEA84 /* PreSettingsViewModel.swift in Sources */,
				69A7F0EF26EA49C500A25A69 /* AppDelegate.swift in Sources */,
				0346E48026F3768400F43504 /* CardStyle.swift in Sources */,
				DE97BA2826F7C5C40002C064 /* MCTextField.swift in Sources */,
				DEEF7E3D26F8B51D00A4A26E /* PreSettingsViewController.swift in Sources */,
				69A7F18F26F36CD800A25A69 /* Author.swift in Sources */,
				DEA931F726F8CDB60096CB4D /* UserType.swift in Sources */,
				69A7F13626EA4BFE00A25A69 /* Service.swift in Sources */,
				039DCDD826F8BF7900B46BC0 /* InteractionsViewModel.swift in Sources */,
				0346E47726F2219C00F43504 /* UIColor.swift in Sources */,
				FF3BB8EE26F8AD62009763F1 /* CreatePostViewController.swift in Sources */,
				030F99C626FCB0B200F12415 /* ClouldKitHelper.swift in Sources */,
				DE97BA2626F7C0CC0002C064 /* UITextField.swift in Sources */,
				03BA87EF2705E92800925F2D /* DateFormatHelper.swift in Sources */,
				0346E47826F2219C00F43504 /* UIFont.swift in Sources */,
				69A7F19126F36FDC00A25A69 /* Comment.swift in Sources */,
				69A7F18C26F2227A00A25A69 /* Post.swift in Sources */,
				69A7F0F126EA49C500A25A69 /* SceneDelegate.swift in Sources */,
				DE2FB04526F4D8710006E8B6 /* MCButton.swift in Sources */,
				0346E48226F3791500F43504 /* UIImage.swift in Sources */,
				0346E48526F3903300F43504 /* SelectableCard.swift in Sources */,
				69A7F12C26EA4B8F00A25A69 /* MuralViewController.swift in Sources */,
				DEDBCC1B26FA010F00902B2D /* UIStackView.swift in Sources */,
				DEEF7E3826F8B33000A4A26E /* Coordinator.swift in Sources */,
				DEEF7E3A26F8B4A900A4A26E /* MainCoordinator.swift in Sources */,
				DEF95F0026F2D50A008ED808 /* FloatActionSheet.swift in Sources */,
				0346E46126F0DCCC00F43504 /* Card.swift in Sources */,
			);
			runOnlyForDeploymentPostprocessing = 0;
		};
		69A7F0FD26EA49C800A25A69 /* Sources */ = {
			isa = PBXSourcesBuildPhase;
			buildActionMask = 2147483647;
			files = (
				69A7F10626EA49C800A25A69 /* MusicallTests.swift in Sources */,
			);
			runOnlyForDeploymentPostprocessing = 0;
		};
		69A7F10826EA49C800A25A69 /* Sources */ = {
			isa = PBXSourcesBuildPhase;
			buildActionMask = 2147483647;
			files = (
				69A7F11126EA49C800A25A69 /* MusicallUITests.swift in Sources */,
			);
			runOnlyForDeploymentPostprocessing = 0;
		};
/* End PBXSourcesBuildPhase section */

/* Begin PBXTargetDependency section */
		69A7F10326EA49C800A25A69 /* PBXTargetDependency */ = {
			isa = PBXTargetDependency;
			target = 69A7F0EA26EA49C500A25A69 /* Musicall */;
			targetProxy = 69A7F10226EA49C800A25A69 /* PBXContainerItemProxy */;
		};
		69A7F10E26EA49C800A25A69 /* PBXTargetDependency */ = {
			isa = PBXTargetDependency;
			target = 69A7F0EA26EA49C500A25A69 /* Musicall */;
			targetProxy = 69A7F10D26EA49C800A25A69 /* PBXContainerItemProxy */;
		};
/* End PBXTargetDependency section */

/* Begin PBXVariantGroup section */
		69A7F0F926EA49C800A25A69 /* LaunchScreen.storyboard */ = {
			isa = PBXVariantGroup;
			children = (
				69A7F0FA26EA49C800A25A69 /* Base */,
			);
			name = LaunchScreen.storyboard;
			sourceTree = "<group>";
		};
/* End PBXVariantGroup section */

/* Begin XCBuildConfiguration section */
		69A7F11326EA49C800A25A69 /* Debug */ = {
			isa = XCBuildConfiguration;
			buildSettings = {
				ALWAYS_SEARCH_USER_PATHS = NO;
				CLANG_ANALYZER_NONNULL = YES;
				CLANG_ANALYZER_NUMBER_OBJECT_CONVERSION = YES_AGGRESSIVE;
				CLANG_CXX_LANGUAGE_STANDARD = "gnu++14";
				CLANG_CXX_LIBRARY = "libc++";
				CLANG_ENABLE_MODULES = YES;
				CLANG_ENABLE_OBJC_ARC = YES;
				CLANG_ENABLE_OBJC_WEAK = YES;
				CLANG_WARN_BLOCK_CAPTURE_AUTORELEASING = YES;
				CLANG_WARN_BOOL_CONVERSION = YES;
				CLANG_WARN_COMMA = YES;
				CLANG_WARN_CONSTANT_CONVERSION = YES;
				CLANG_WARN_DEPRECATED_OBJC_IMPLEMENTATIONS = YES;
				CLANG_WARN_DIRECT_OBJC_ISA_USAGE = YES_ERROR;
				CLANG_WARN_DOCUMENTATION_COMMENTS = YES;
				CLANG_WARN_EMPTY_BODY = YES;
				CLANG_WARN_ENUM_CONVERSION = YES;
				CLANG_WARN_INFINITE_RECURSION = YES;
				CLANG_WARN_INT_CONVERSION = YES;
				CLANG_WARN_NON_LITERAL_NULL_CONVERSION = YES;
				CLANG_WARN_OBJC_IMPLICIT_RETAIN_SELF = YES;
				CLANG_WARN_OBJC_LITERAL_CONVERSION = YES;
				CLANG_WARN_OBJC_ROOT_CLASS = YES_ERROR;
				CLANG_WARN_QUOTED_INCLUDE_IN_FRAMEWORK_HEADER = YES;
				CLANG_WARN_RANGE_LOOP_ANALYSIS = YES;
				CLANG_WARN_STRICT_PROTOTYPES = YES;
				CLANG_WARN_SUSPICIOUS_MOVE = YES;
				CLANG_WARN_UNGUARDED_AVAILABILITY = YES_AGGRESSIVE;
				CLANG_WARN_UNREACHABLE_CODE = YES;
				CLANG_WARN__DUPLICATE_METHOD_MATCH = YES;
				COPY_PHASE_STRIP = NO;
				DEBUG_INFORMATION_FORMAT = dwarf;
				ENABLE_STRICT_OBJC_MSGSEND = YES;
				ENABLE_TESTABILITY = YES;
				GCC_C_LANGUAGE_STANDARD = gnu11;
				GCC_DYNAMIC_NO_PIC = NO;
				GCC_NO_COMMON_BLOCKS = YES;
				GCC_OPTIMIZATION_LEVEL = 0;
				GCC_PREPROCESSOR_DEFINITIONS = (
					"DEBUG=1",
					"$(inherited)",
				);
				GCC_WARN_64_TO_32_BIT_CONVERSION = YES;
				GCC_WARN_ABOUT_RETURN_TYPE = YES_ERROR;
				GCC_WARN_UNDECLARED_SELECTOR = YES;
				GCC_WARN_UNINITIALIZED_AUTOS = YES_AGGRESSIVE;
				GCC_WARN_UNUSED_FUNCTION = YES;
				GCC_WARN_UNUSED_VARIABLE = YES;
				IPHONEOS_DEPLOYMENT_TARGET = 14.0;
				MTL_ENABLE_DEBUG_INFO = INCLUDE_SOURCE;
				MTL_FAST_MATH = YES;
				ONLY_ACTIVE_ARCH = YES;
				SDKROOT = iphoneos;
				SWIFT_ACTIVE_COMPILATION_CONDITIONS = DEBUG;
				SWIFT_OPTIMIZATION_LEVEL = "-Onone";
			};
			name = Debug;
		};
		69A7F11426EA49C800A25A69 /* Release */ = {
			isa = XCBuildConfiguration;
			buildSettings = {
				ALWAYS_SEARCH_USER_PATHS = NO;
				CLANG_ANALYZER_NONNULL = YES;
				CLANG_ANALYZER_NUMBER_OBJECT_CONVERSION = YES_AGGRESSIVE;
				CLANG_CXX_LANGUAGE_STANDARD = "gnu++14";
				CLANG_CXX_LIBRARY = "libc++";
				CLANG_ENABLE_MODULES = YES;
				CLANG_ENABLE_OBJC_ARC = YES;
				CLANG_ENABLE_OBJC_WEAK = YES;
				CLANG_WARN_BLOCK_CAPTURE_AUTORELEASING = YES;
				CLANG_WARN_BOOL_CONVERSION = YES;
				CLANG_WARN_COMMA = YES;
				CLANG_WARN_CONSTANT_CONVERSION = YES;
				CLANG_WARN_DEPRECATED_OBJC_IMPLEMENTATIONS = YES;
				CLANG_WARN_DIRECT_OBJC_ISA_USAGE = YES_ERROR;
				CLANG_WARN_DOCUMENTATION_COMMENTS = YES;
				CLANG_WARN_EMPTY_BODY = YES;
				CLANG_WARN_ENUM_CONVERSION = YES;
				CLANG_WARN_INFINITE_RECURSION = YES;
				CLANG_WARN_INT_CONVERSION = YES;
				CLANG_WARN_NON_LITERAL_NULL_CONVERSION = YES;
				CLANG_WARN_OBJC_IMPLICIT_RETAIN_SELF = YES;
				CLANG_WARN_OBJC_LITERAL_CONVERSION = YES;
				CLANG_WARN_OBJC_ROOT_CLASS = YES_ERROR;
				CLANG_WARN_QUOTED_INCLUDE_IN_FRAMEWORK_HEADER = YES;
				CLANG_WARN_RANGE_LOOP_ANALYSIS = YES;
				CLANG_WARN_STRICT_PROTOTYPES = YES;
				CLANG_WARN_SUSPICIOUS_MOVE = YES;
				CLANG_WARN_UNGUARDED_AVAILABILITY = YES_AGGRESSIVE;
				CLANG_WARN_UNREACHABLE_CODE = YES;
				CLANG_WARN__DUPLICATE_METHOD_MATCH = YES;
				COPY_PHASE_STRIP = NO;
				DEBUG_INFORMATION_FORMAT = "dwarf-with-dsym";
				ENABLE_NS_ASSERTIONS = NO;
				ENABLE_STRICT_OBJC_MSGSEND = YES;
				GCC_C_LANGUAGE_STANDARD = gnu11;
				GCC_NO_COMMON_BLOCKS = YES;
				GCC_WARN_64_TO_32_BIT_CONVERSION = YES;
				GCC_WARN_ABOUT_RETURN_TYPE = YES_ERROR;
				GCC_WARN_UNDECLARED_SELECTOR = YES;
				GCC_WARN_UNINITIALIZED_AUTOS = YES_AGGRESSIVE;
				GCC_WARN_UNUSED_FUNCTION = YES;
				GCC_WARN_UNUSED_VARIABLE = YES;
				IPHONEOS_DEPLOYMENT_TARGET = 14.0;
				MTL_ENABLE_DEBUG_INFO = NO;
				MTL_FAST_MATH = YES;
				SDKROOT = iphoneos;
				SWIFT_COMPILATION_MODE = wholemodule;
				SWIFT_OPTIMIZATION_LEVEL = "-O";
				VALIDATE_PRODUCT = YES;
			};
			name = Release;
		};
		69A7F11626EA49C800A25A69 /* Debug */ = {
			isa = XCBuildConfiguration;
			buildSettings = {
				ASSETCATALOG_COMPILER_APPICON_NAME = AppIcon;
				ASSETCATALOG_COMPILER_GLOBAL_ACCENT_COLOR_NAME = AccentColor;
				CODE_SIGN_ENTITLEMENTS = Musicall/Musicall.entitlements;
				CODE_SIGN_STYLE = Automatic;
				DEVELOPMENT_TEAM = 62NRBAKMQ3;
				INFOPLIST_FILE = Musicall/Info.plist;
				LD_RUNPATH_SEARCH_PATHS = (
					"$(inherited)",
					"@executable_path/Frameworks",
				);
				PRODUCT_BUNDLE_IDENTIFIER = com.br.Musicall;
				PRODUCT_NAME = "$(TARGET_NAME)";
				SWIFT_VERSION = 5.0;
				TARGETED_DEVICE_FAMILY = "1,2";
			};
			name = Debug;
		};
		69A7F11726EA49C800A25A69 /* Release */ = {
			isa = XCBuildConfiguration;
			buildSettings = {
				ASSETCATALOG_COMPILER_APPICON_NAME = AppIcon;
				ASSETCATALOG_COMPILER_GLOBAL_ACCENT_COLOR_NAME = AccentColor;
				CODE_SIGN_ENTITLEMENTS = Musicall/Musicall.entitlements;
				CODE_SIGN_STYLE = Automatic;
				DEVELOPMENT_TEAM = 62NRBAKMQ3;
				INFOPLIST_FILE = Musicall/Info.plist;
				LD_RUNPATH_SEARCH_PATHS = (
					"$(inherited)",
					"@executable_path/Frameworks",
				);
				PRODUCT_BUNDLE_IDENTIFIER = com.br.Musicall;
				PRODUCT_NAME = "$(TARGET_NAME)";
				SWIFT_VERSION = 5.0;
				TARGETED_DEVICE_FAMILY = "1,2";
			};
			name = Release;
		};
		69A7F11926EA49C800A25A69 /* Debug */ = {
			isa = XCBuildConfiguration;
			buildSettings = {
				ALWAYS_EMBED_SWIFT_STANDARD_LIBRARIES = YES;
				BUNDLE_LOADER = "$(TEST_HOST)";
				CODE_SIGN_STYLE = Automatic;
				DEVELOPMENT_TEAM = GHRBLV3RV2;
				INFOPLIST_FILE = MusicallTests/Info.plist;
				IPHONEOS_DEPLOYMENT_TARGET = 14.5;
				LD_RUNPATH_SEARCH_PATHS = (
					"$(inherited)",
					"@executable_path/Frameworks",
					"@loader_path/Frameworks",
				);
				PRODUCT_BUNDLE_IDENTIFIER = com.Musicall.MusicallTests;
				PRODUCT_NAME = "$(TARGET_NAME)";
				SWIFT_VERSION = 5.0;
				TARGETED_DEVICE_FAMILY = "1,2";
				TEST_HOST = "$(BUILT_PRODUCTS_DIR)/Musicall.app/Musicall";
			};
			name = Debug;
		};
		69A7F11A26EA49C800A25A69 /* Release */ = {
			isa = XCBuildConfiguration;
			buildSettings = {
				ALWAYS_EMBED_SWIFT_STANDARD_LIBRARIES = YES;
				BUNDLE_LOADER = "$(TEST_HOST)";
				CODE_SIGN_STYLE = Automatic;
				DEVELOPMENT_TEAM = GHRBLV3RV2;
				INFOPLIST_FILE = MusicallTests/Info.plist;
				IPHONEOS_DEPLOYMENT_TARGET = 14.5;
				LD_RUNPATH_SEARCH_PATHS = (
					"$(inherited)",
					"@executable_path/Frameworks",
					"@loader_path/Frameworks",
				);
				PRODUCT_BUNDLE_IDENTIFIER = com.Musicall.MusicallTests;
				PRODUCT_NAME = "$(TARGET_NAME)";
				SWIFT_VERSION = 5.0;
				TARGETED_DEVICE_FAMILY = "1,2";
				TEST_HOST = "$(BUILT_PRODUCTS_DIR)/Musicall.app/Musicall";
			};
			name = Release;
		};
		69A7F11C26EA49C800A25A69 /* Debug */ = {
			isa = XCBuildConfiguration;
			buildSettings = {
				ALWAYS_EMBED_SWIFT_STANDARD_LIBRARIES = YES;
				CODE_SIGN_STYLE = Automatic;
				DEVELOPMENT_TEAM = GHRBLV3RV2;
				INFOPLIST_FILE = MusicallUITests/Info.plist;
				LD_RUNPATH_SEARCH_PATHS = (
					"$(inherited)",
					"@executable_path/Frameworks",
					"@loader_path/Frameworks",
				);
				PRODUCT_BUNDLE_IDENTIFIER = com.Musicall.MusicallUITests;
				PRODUCT_NAME = "$(TARGET_NAME)";
				SWIFT_VERSION = 5.0;
				TARGETED_DEVICE_FAMILY = "1,2";
				TEST_TARGET_NAME = Musicall;
			};
			name = Debug;
		};
		69A7F11D26EA49C800A25A69 /* Release */ = {
			isa = XCBuildConfiguration;
			buildSettings = {
				ALWAYS_EMBED_SWIFT_STANDARD_LIBRARIES = YES;
				CODE_SIGN_STYLE = Automatic;
				DEVELOPMENT_TEAM = GHRBLV3RV2;
				INFOPLIST_FILE = MusicallUITests/Info.plist;
				LD_RUNPATH_SEARCH_PATHS = (
					"$(inherited)",
					"@executable_path/Frameworks",
					"@loader_path/Frameworks",
				);
				PRODUCT_BUNDLE_IDENTIFIER = com.Musicall.MusicallUITests;
				PRODUCT_NAME = "$(TARGET_NAME)";
				SWIFT_VERSION = 5.0;
				TARGETED_DEVICE_FAMILY = "1,2";
				TEST_TARGET_NAME = Musicall;
			};
			name = Release;
		};
/* End XCBuildConfiguration section */

/* Begin XCConfigurationList section */
		69A7F0E626EA49C500A25A69 /* Build configuration list for PBXProject "Musicall" */ = {
			isa = XCConfigurationList;
			buildConfigurations = (
				69A7F11326EA49C800A25A69 /* Debug */,
				69A7F11426EA49C800A25A69 /* Release */,
			);
			defaultConfigurationIsVisible = 0;
			defaultConfigurationName = Release;
		};
		69A7F11526EA49C800A25A69 /* Build configuration list for PBXNativeTarget "Musicall" */ = {
			isa = XCConfigurationList;
			buildConfigurations = (
				69A7F11626EA49C800A25A69 /* Debug */,
				69A7F11726EA49C800A25A69 /* Release */,
			);
			defaultConfigurationIsVisible = 0;
			defaultConfigurationName = Release;
		};
		69A7F11826EA49C800A25A69 /* Build configuration list for PBXNativeTarget "MusicallTests" */ = {
			isa = XCConfigurationList;
			buildConfigurations = (
				69A7F11926EA49C800A25A69 /* Debug */,
				69A7F11A26EA49C800A25A69 /* Release */,
			);
			defaultConfigurationIsVisible = 0;
			defaultConfigurationName = Release;
		};
		69A7F11B26EA49C800A25A69 /* Build configuration list for PBXNativeTarget "MusicallUITests" */ = {
			isa = XCConfigurationList;
			buildConfigurations = (
				69A7F11C26EA49C800A25A69 /* Debug */,
				69A7F11D26EA49C800A25A69 /* Release */,
			);
			defaultConfigurationIsVisible = 0;
			defaultConfigurationName = Release;
		};
/* End XCConfigurationList section */

/* Begin XCRemoteSwiftPackageReference section */
		0346E46526F0E97E00F43504 /* XCRemoteSwiftPackageReference "SnapKit" */ = {
			isa = XCRemoteSwiftPackageReference;
			repositoryURL = "https://github.com/SnapKit/SnapKit";
			requirement = {
				kind = upToNextMajorVersion;
				minimumVersion = 5.0.1;
			};
		};
/* End XCRemoteSwiftPackageReference section */

/* Begin XCSwiftPackageProductDependency section */
		0346E46626F0E97E00F43504 /* SnapKit */ = {
			isa = XCSwiftPackageProductDependency;
			package = 0346E46526F0E97E00F43504 /* XCRemoteSwiftPackageReference "SnapKit" */;
			productName = SnapKit;
		};
/* End XCSwiftPackageProductDependency section */
	};
	rootObject = 69A7F0E326EA49C500A25A69 /* Project object */;
}
